
Microsoft Visual Studio Solution File, Format Version 12.00
# Visual Studio Version 17
VisualStudioVersion = 17.0.32014.148
MinimumVisualStudioVersion = 10.0.40219.1
Project("{FAE04EC0-301F-11D3-BF4B-00C04F79EFBC}") = "DentalClinic", "DentalClinic.csproj", "{3C221FAD-C993-42FB-AD33-BBD753B4269C}"
EndProject
Global
	GlobalSection(SolutionConfigurationPlatforms) = preSolution
		Debug|Any CPU = Debug|Any CPU
		Release|Any CPU = Release|Any CPU
	EndGlobalSection
	GlobalSection(ProjectConfigurationPlatforms) = postSolution
		{3C221FAD-C993-42FB-AD33-BBD753B4269C}.Debug|Any CPU.ActiveCfg = Debug|Any CPU
		{3C221FAD-C993-42FB-AD33-BBD753B4269C}.Debug|Any CPU.Build.0 = Debug|Any CPU
		{3C221FAD-C993-42FB-AD33-BBD753B4269C}.Release|Any CPU.ActiveCfg = Release|Any CPU
		{3C221FAD-C993-42FB-AD33-BBD753B4269C}.Release|Any CPU.Build.0 = Release|Any CPU
	EndGlobalSection
	GlobalSection(SolutionProperties) = preSolution
		HideSolutionNode = FALSE
	EndGlobalSection
	GlobalSection(ExtensibilityGlobals) = postSolution
		SolutionGuid = {8FD9C100-FFB8-4C74-A073-BDEC073B331D}
	EndGlobalSection
EndGlobal
